
Microsoft Visual Studio Solution File, Format Version 12.00
# Visual Studio Version 16
VisualStudioVersion = 16.0.30104.148
MinimumVisualStudioVersion = 10.0.40219.1
Project("{FAE04EC0-301F-11D3-BF4B-00C04F79EFBC}") = "COMSecurityTest", "COMSecurityTest.csproj", "{8A12567A-463E-46B3-A6FC-66A3C3A6B0F3}"
EndProject
Global
	GlobalSection(SolutionConfigurationPlatforms) = preSolution
		Debug|Any CPU = Debug|Any CPU
		Release|Any CPU = Release|Any CPU
	EndGlobalSection
	GlobalSection(ProjectConfigurationPlatforms) = postSolution
		{8A12567A-463E-46B3-A6FC-66A3C3A6B0F3}.Debug|Any CPU.ActiveCfg = Debug|Any CPU
		{8A12567A-463E-46B3-A6FC-66A3C3A6B0F3}.Debug|Any CPU.Build.0 = Debug|Any CPU
		{8A12567A-463E-46B3-A6FC-66A3C3A6B0F3}.Release|Any CPU.ActiveCfg = Release|Any CPU
		{8A12567A-463E-46B3-A6FC-66A3C3A6B0F3}.Release|Any CPU.Build.0 = Release|Any CPU
	EndGlobalSection
	GlobalSection(SolutionProperties) = preSolution
		HideSolutionNode = FALSE
	EndGlobalSection
	GlobalSection(ExtensibilityGlobals) = postSolution
		SolutionGuid = {377C9F69-2B70-4F62-B08F-8B2CCDD507FE}
	EndGlobalSection
EndGlobal
